
Microsoft Visual Studio Solution File, Format Version 12.00
# Visual Studio Version 17
VisualStudioVersion = 17.14.36915.13
MinimumVisualStudioVersion = 10.0.40219.1
Project("{FAE04EC0-301F-11D3-BF4B-00C04F79EFBC}") = "EventPublisher.Api", "EventPublisher.Api\EventPublisher.Api.csproj", "{76F4F9B1-3ACA-34A3-2F8F-38726E58C1B9}"
EndProject
Project("{FAE04EC0-301F-11D3-BF4B-00C04F79EFBC}") = "AssinadorXml.Worker", "AssinadorXml.Worker\AssinadorXml.Worker.csproj", "{F7B404FA-3930-4E27-5701-2352F0C545A1}"
EndProject
Global
	GlobalSection(SolutionConfigurationPlatforms) = preSolution
		Debug|Any CPU = Debug|Any CPU
		Release|Any CPU = Release|Any CPU
	EndGlobalSection
	GlobalSection(ProjectConfigurationPlatforms) = postSolution
		{76F4F9B1-3ACA-34A3-2F8F-38726E58C1B9}.Debug|Any CPU.ActiveCfg = Debug|Any CPU
		{76F4F9B1-3ACA-34A3-2F8F-38726E58C1B9}.Debug|Any CPU.Build.0 = Debug|Any CPU
		{76F4F9B1-3ACA-34A3-2F8F-38726E58C1B9}.Release|Any CPU.ActiveCfg = Release|Any CPU
		{76F4F9B1-3ACA-34A3-2F8F-38726E58C1B9}.Release|Any CPU.Build.0 = Release|Any CPU
		{F7B404FA-3930-4E27-5701-2352F0C545A1}.Debug|Any CPU.ActiveCfg = Debug|Any CPU
		{F7B404FA-3930-4E27-5701-2352F0C545A1}.Debug|Any CPU.Build.0 = Debug|Any CPU
		{F7B404FA-3930-4E27-5701-2352F0C545A1}.Release|Any CPU.ActiveCfg = Release|Any CPU
		{F7B404FA-3930-4E27-5701-2352F0C545A1}.Release|Any CPU.Build.0 = Release|Any CPU
	EndGlobalSection
	GlobalSection(SolutionProperties) = preSolution
		HideSolutionNode = FALSE
	EndGlobalSection
	GlobalSection(ExtensibilityGlobals) = postSolution
		SolutionGuid = {DBB79FD4-DF16-4D6F-9111-1A121923B1DB}
	EndGlobalSection
EndGlobal
